
Microsoft Visual Studio Solution File, Format Version 12.00
# Visual Studio Version 17
VisualStudioVersion = 17.10.35027.167
MinimumVisualStudioVersion = 10.0.40219.1
Project("{2150E333-8FDC-42A3-9474-1A3956D46DE8}") = "WebApi", "WebApi", "{C8926C5D-2F67-4F90-982B-FFB45F517D65}"
EndProject
Project("{2150E333-8FDC-42A3-9474-1A3956D46DE8}") = "Infrastructure", "Infrastructure", "{BD3812F8-8783-42C6-B231-8A032EF9481F}"
EndProject
Project("{2150E333-8FDC-42A3-9474-1A3956D46DE8}") = "Domain", "Domain", "{77C73D0D-E122-4C65-B63B-B89C8E28F69E}"
EndProject
Project("{2150E333-8FDC-42A3-9474-1A3956D46DE8}") = "Aplication", "Aplication", "{7DC3E4B1-675C-4122-AA58-4BCBA06C4A82}"
EndProject
Project("{2150E333-8FDC-42A3-9474-1A3956D46DE8}") = "Crosscutting", "Crosscutting", "{040F270A-3788-4E88-99A6-F236286DE3E7}"
EndProject
Project("{2150E333-8FDC-42A3-9474-1A3956D46DE8}") = "Core", "Core", "{D2B590AD-CC11-4062-A3C3-0718E17D651C}"
EndProject
Project("{2150E333-8FDC-42A3-9474-1A3956D46DE8}") = "Drivers", "Drivers", "{FC704106-833B-484D-B71C-E45123A9EC30}"
EndProject
Project("{2150E333-8FDC-42A3-9474-1A3956D46DE8}") = "Driven", "Driven", "{54A8F6F9-D101-4680-9D83-148EFA188F0E}"
EndProject
Project("{2150E333-8FDC-42A3-9474-1A3956D46DE8}") = "Adapters", "Adapters", "{451349E0-02AB-415D-9D73-E91A6509404A}"
EndProject
Project("{2150E333-8FDC-42A3-9474-1A3956D46DE8}") = "Tests", "Tests", "{1ADFD29B-9AE9-4E79-923B-072E807A2AAF}"
EndProject
Project("{2150E333-8FDC-42A3-9474-1A3956D46DE8}") = "Unit", "Unit", "{9057D64B-F3A3-4127-89EA-622C2430FD25}"
EndProject
Project("{2150E333-8FDC-42A3-9474-1A3956D46DE8}") = "Integration", "Integration", "{D641472C-1E35-4F9D-8949-90E6C17D7078}"
EndProject
Project("{2150E333-8FDC-42A3-9474-1A3956D46DE8}") = "Functional", "Functional", "{95501476-3BCD-48DA-A4E5-696A0B78A0BD}"
EndProject
Project("{9A19103F-16F7-4668-BE54-9A1E7A4F7556}") = "Ambev.DeveloperEvaluation.ORM", "src\Ambev.DeveloperEvaluation.ORM\Ambev.DeveloperEvaluation.ORM.csproj", "{B62C8404-A5FA-4D58-9398-1E3C55C28D14}"
EndProject
Project("{9A19103F-16F7-4668-BE54-9A1E7A4F7556}") = "Ambev.DeveloperEvaluation.Application", "src\Ambev.DeveloperEvaluation.Application\Ambev.DeveloperEvaluation.Application.csproj", "{80CED839-FE4A-4286-9403-252D230BA2A0}"
EndProject
Project("{9A19103F-16F7-4668-BE54-9A1E7A4F7556}") = "Ambev.DeveloperEvaluation.Domain", "src\Ambev.DeveloperEvaluation.Domain\Ambev.DeveloperEvaluation.Domain.csproj", "{B19079B3-A9DD-4408-9ED2-899D735C66BF}"
EndProject
Project("{9A19103F-16F7-4668-BE54-9A1E7A4F7556}") = "Ambev.DeveloperEvaluation.Functional", "tests\Ambev.DeveloperEvaluation.Functional\Ambev.DeveloperEvaluation.Functional.csproj", "{2ACF31E5-F79E-4A52-AD6F-91CB6F05F700}"
EndProject
Project("{9A19103F-16F7-4668-BE54-9A1E7A4F7556}") = "Ambev.DeveloperEvaluation.Integration", "tests\Ambev.DeveloperEvaluation.Integration\Ambev.DeveloperEvaluation.Integration.csproj", "{15961D91-452B-48E0-9871-2964E751B744}"
EndProject
Project("{9A19103F-16F7-4668-BE54-9A1E7A4F7556}") = "Ambev.DeveloperEvaluation.Unit", "tests\Ambev.DeveloperEvaluation.Unit\Ambev.DeveloperEvaluation.Unit.csproj", "{54E6E012-F460-4A2B-95C5-27A2EF18A713}"
EndProject
Project("{9A19103F-16F7-4668-BE54-9A1E7A4F7556}") = "Ambev.DeveloperEvaluation.Common", "src\Ambev.DeveloperEvaluation.Common\Ambev.DeveloperEvaluation.Common.csproj", "{7E1EFB67-8305-423C-9E09-CBC62465FA18}"
EndProject
Project("{9A19103F-16F7-4668-BE54-9A1E7A4F7556}") = "Ambev.DeveloperEvaluation.IoC", "src\Ambev.DeveloperEvaluation.IoC\Ambev.DeveloperEvaluation.IoC.csproj", "{C0DDDE39-2D65-4AF5-90D4-F35D87A79009}"
EndProject
Project("{9A19103F-16F7-4668-BE54-9A1E7A4F7556}") = "Ambev.DeveloperEvaluation.WebApi", "src\Ambev.DeveloperEvaluation.WebApi\Ambev.DeveloperEvaluation.WebApi.csproj", "{2B484022-3EF7-4BAB-ADB8-849F9E419EDD}"
EndProject
Project("{E53339B2-1760-4266-BCC7-CA923CBCF16C}") = "docker-compose", "docker-compose.dcproj", "{4AF79501-F785-4B98-8EE5-54BE186D67A2}"
EndProject
Project("{2150E333-8FDC-42A3-9474-1A3956D46DE8}") = "Solution Items", "Solution Items", "{C361795D-30EF-4513-B313-8622BE1AD313}"
	ProjectSection(SolutionItems) = preProject
		.editorconfig = .editorconfig
	EndProjectSection
EndProject
Global
	GlobalSection(SolutionConfigurationPlatforms) = preSolution
		Debug|Any CPU = Debug|Any CPU
		Release|Any CPU = Release|Any CPU
	EndGlobalSection
	GlobalSection(ProjectConfigurationPlatforms) = postSolution
		{B62C8404-A5FA-4D58-9398-1E3C55C28D14}.Debug|Any CPU.ActiveCfg = Debug|Any CPU
		{B62C8404-A5FA-4D58-9398-1E3C55C28D14}.Debug|Any CPU.Build.0 = Debug|Any CPU
		{B62C8404-A5FA-4D58-9398-1E3C55C28D14}.Release|Any CPU.ActiveCfg = Release|Any CPU
		{B62C8404-A5FA-4D58-9398-1E3C55C28D14}.Release|Any CPU.Build.0 = Release|Any CPU
		{80CED839-FE4A-4286-9403-252D230BA2A0}.Debug|Any CPU.ActiveCfg = Debug|Any CPU
		{80CED839-FE4A-4286-9403-252D230BA2A0}.Debug|Any CPU.Build.0 = Debug|Any CPU
		{80CED839-FE4A-4286-9403-252D230BA2A0}.Release|Any CPU.ActiveCfg = Release|Any CPU
		{80CED839-FE4A-4286-9403-252D230BA2A0}.Release|Any CPU.Build.0 = Release|Any CPU
		{B19079B3-A9DD-4408-9ED2-899D735C66BF}.Debug|Any CPU.ActiveCfg = Debug|Any CPU
		{B19079B3-A9DD-4408-9ED2-899D735C66BF}.Debug|Any CPU.Build.0 = Debug|Any CPU
		{B19079B3-A9DD-4408-9ED2-899D735C66BF}.Release|Any CPU.ActiveCfg = Release|Any CPU
		{B19079B3-A9DD-4408-9ED2-899D735C66BF}.Release|Any CPU.Build.0 = Release|Any CPU
		{2ACF31E5-F79E-4A52-AD6F-91CB6F05F700}.Debug|Any CPU.ActiveCfg = Debug|Any CPU
		{2ACF31E5-F79E-4A52-AD6F-91CB6F05F700}.Debug|Any CPU.Build.0 = Debug|Any CPU
		{2ACF31E5-F79E-4A52-AD6F-91CB6F05F700}.Release|Any CPU.ActiveCfg = Release|Any CPU
		{2ACF31E5-F79E-4A52-AD6F-91CB6F05F700}.Release|Any CPU.Build.0 = Release|Any CPU
		{15961D91-452B-48E0-9871-2964E751B744}.Debug|Any CPU.ActiveCfg = Debug|Any CPU
		{15961D91-452B-48E0-9871-2964E751B744}.Debug|Any CPU.Build.0 = Debug|Any CPU
		{15961D91-452B-48E0-9871-2964E751B744}.Release|Any CPU.ActiveCfg = Release|Any CPU
		{15961D91-452B-48E0-9871-2964E751B744}.Release|Any CPU.Build.0 = Release|Any CPU
		{54E6E012-F460-4A2B-95C5-27A2EF18A713}.Debug|Any CPU.ActiveCfg = Debug|Any CPU
		{54E6E012-F460-4A2B-95C5-27A2EF18A713}.Debug|Any CPU.Build.0 = Debug|Any CPU
		{54E6E012-F460-4A2B-95C5-27A2EF18A713}.Release|Any CPU.ActiveCfg = Release|Any CPU
		{54E6E012-F460-4A2B-95C5-27A2EF18A713}.Release|Any CPU.Build.0 = Release|Any CPU
		{7E1EFB67-8305-423C-9E09-CBC62465FA18}.Debug|Any CPU.ActiveCfg = Debug|Any CPU
		{7E1EFB67-8305-423C-9E09-CBC62465FA18}.Debug|Any CPU.Build.0 = Debug|Any CPU
		{7E1EFB67-8305-423C-9E09-CBC62465FA18}.Release|Any CPU.ActiveCfg = Release|Any CPU
		{7E1EFB67-8305-423C-9E09-CBC62465FA18}.Release|Any CPU.Build.0 = Release|Any CPU
		{C0DDDE39-2D65-4AF5-90D4-F35D87A79009}.Debug|Any CPU.ActiveCfg = Debug|Any CPU
		{C0DDDE39-2D65-4AF5-90D4-F35D87A79009}.Debug|Any CPU.Build.0 = Debug|Any CPU
		{C0DDDE39-2D65-4AF5-90D4-F35D87A79009}.Release|Any CPU.ActiveCfg = Release|Any CPU
		{C0DDDE39-2D65-4AF5-90D4-F35D87A79009}.Release|Any CPU.Build.0 = Release|Any CPU
		{2B484022-3EF7-4BAB-ADB8-849F9E419EDD}.Debug|Any CPU.ActiveCfg = Debug|Any CPU
		{2B484022-3EF7-4BAB-ADB8-849F9E419EDD}.Debug|Any CPU.Build.0 = Debug|Any CPU
		{2B484022-3EF7-4BAB-ADB8-849F9E419EDD}.Release|Any CPU.ActiveCfg = Release|Any CPU
		{2B484022-3EF7-4BAB-ADB8-849F9E419EDD}.Release|Any CPU.Build.0 = Release|Any CPU
		{4AF79501-F785-4B98-8EE5-54BE186D67A2}.Debug|Any CPU.ActiveCfg = Debug|Any CPU
		{4AF79501-F785-4B98-8EE5-54BE186D67A2}.Debug|Any CPU.Build.0 = Debug|Any CPU
		{4AF79501-F785-4B98-8EE5-54BE186D67A2}.Release|Any CPU.ActiveCfg = Release|Any CPU
		{4AF79501-F785-4B98-8EE5-54BE186D67A2}.Release|Any CPU.Build.0 = Release|Any CPU
	EndGlobalSection
	GlobalSection(SolutionProperties) = preSolution
		HideSolutionNode = FALSE
	EndGlobalSection
	GlobalSection(NestedProjects) = preSolution
		{C8926C5D-2F67-4F90-982B-FFB45F517D65} = {FC704106-833B-484D-B71C-E45123A9EC30}
		{BD3812F8-8783-42C6-B231-8A032EF9481F} = {54A8F6F9-D101-4680-9D83-148EFA188F0E}
		{77C73D0D-E122-4C65-B63B-B89C8E28F69E} = {D2B590AD-CC11-4062-A3C3-0718E17D651C}
		{7DC3E4B1-675C-4122-AA58-4BCBA06C4A82} = {D2B590AD-CC11-4062-A3C3-0718E17D651C}
		{FC704106-833B-484D-B71C-E45123A9EC30} = {451349E0-02AB-415D-9D73-E91A6509404A}
		{54A8F6F9-D101-4680-9D83-148EFA188F0E} = {451349E0-02AB-415D-9D73-E91A6509404A}
		{9057D64B-F3A3-4127-89EA-622C2430FD25} = {1ADFD29B-9AE9-4E79-923B-072E807A2AAF}
		{D641472C-1E35-4F9D-8949-90E6C17D7078} = {1ADFD29B-9AE9-4E79-923B-072E807A2AAF}
		{95501476-3BCD-48DA-A4E5-696A0B78A0BD} = {1ADFD29B-9AE9-4E79-923B-072E807A2AAF}
		{B62C8404-A5FA-4D58-9398-1E3C55C28D14} = {BD3812F8-8783-42C6-B231-8A032EF9481F}
		{80CED839-FE4A-4286-9403-252D230BA2A0} = {7DC3E4B1-675C-4122-AA58-4BCBA06C4A82}
		{B19079B3-A9DD-4408-9ED2-899D735C66BF} = {77C73D0D-E122-4C65-B63B-B89C8E28F69E}
		{2ACF31E5-F79E-4A52-AD6F-91CB6F05F700} = {95501476-3BCD-48DA-A4E5-696A0B78A0BD}
		{15961D91-452B-48E0-9871-2964E751B744} = {D641472C-1E35-4F9D-8949-90E6C17D7078}
		{54E6E012-F460-4A2B-95C5-27A2EF18A713} = {9057D64B-F3A3-4127-89EA-622C2430FD25}
		{7E1EFB67-8305-423C-9E09-CBC62465FA18} = {040F270A-3788-4E88-99A6-F236286DE3E7}
		{C0DDDE39-2D65-4AF5-90D4-F35D87A79009} = {040F270A-3788-4E88-99A6-F236286DE3E7}
		{2B484022-3EF7-4BAB-ADB8-849F9E419EDD} = {C8926C5D-2F67-4F90-982B-FFB45F517D65}
	EndGlobalSection
	GlobalSection(ExtensibilityGlobals) = postSolution
		SolutionGuid = {13EAB81A-C6B2-4C22-B4DE-C6603FC445B6}
	EndGlobalSection
EndGlobal
